
Microsoft Visual Studio Solution File, Format Version 12.00
# Visual Studio Version 17
VisualStudioVersion = 17.3.32922.545
MinimumVisualStudioVersion = 10.0.40219.1
Project("{FAE04EC0-301F-11D3-BF4B-00C04F79EFBC}") = "TestProject2", "TestProject2.csproj", "{E6B34ECA-DC4C-4CAD-A968-1A886F830FBD}"
EndProject
Project("{2150E333-8FDC-42A3-9474-1A3956D46DE8}") = "Solution Items", "Solution Items", "{983FFC5A-D1E8-4D4D-B0D1-A454A5E362F5}"
	ProjectSection(SolutionItems) = preProject
		XMLFile1.xml = XMLFile1.xml
	EndProjectSection
EndProject
Global
	GlobalSection(SolutionConfigurationPlatforms) = preSolution
		Debug|Any CPU = Debug|Any CPU
		Release|Any CPU = Release|Any CPU
	EndGlobalSection
	GlobalSection(ProjectConfigurationPlatforms) = postSolution
		{E6B34ECA-DC4C-4CAD-A968-1A886F830FBD}.Debug|Any CPU.ActiveCfg = Debug|Any CPU
		{E6B34ECA-DC4C-4CAD-A968-1A886F830FBD}.Debug|Any CPU.Build.0 = Debug|Any CPU
		{E6B34ECA-DC4C-4CAD-A968-1A886F830FBD}.Release|Any CPU.ActiveCfg = Release|Any CPU
		{E6B34ECA-DC4C-4CAD-A968-1A886F830FBD}.Release|Any CPU.Build.0 = Release|Any CPU
	EndGlobalSection
	GlobalSection(SolutionProperties) = preSolution
		HideSolutionNode = FALSE
	EndGlobalSection
	GlobalSection(ExtensibilityGlobals) = postSolution
		SolutionGuid = {FD2D7C04-E6F9-4C8C-8B09-052D28729C60}
	EndGlobalSection
EndGlobal
